
Microsoft Visual Studio Solution File, Format Version 12.00
# Visual Studio 15
VisualStudioVersion = 15.0.26730.16
MinimumVisualStudioVersion = 10.0.40219.1
Project("{8BC9CEB8-8B4A-11D0-8D11-00A0C91BC942}") = "simtest", "simtest\simtest.vcxproj", "{19976D17-0B57-46DC-8987-86574BF234BA}"
EndProject
Global
	GlobalSection(SolutionConfigurationPlatforms) = preSolution
		Debug|x64 = Debug|x64
		Debug|x86 = Debug|x86
		Release|x64 = Release|x64
		Release|x86 = Release|x86
	EndGlobalSection
	GlobalSection(ProjectConfigurationPlatforms) = postSolution
		{19976D17-0B57-46DC-8987-86574BF234BA}.Debug|x64.ActiveCfg = Debug|x64
		{19976D17-0B57-46DC-8987-86574BF234BA}.Debug|x64.Build.0 = Debug|x64
		{19976D17-0B57-46DC-8987-86574BF234BA}.Debug|x86.ActiveCfg = Debug|Win32
		{19976D17-0B57-46DC-8987-86574BF234BA}.Debug|x86.Build.0 = Debug|Win32
		{19976D17-0B57-46DC-8987-86574BF234BA}.Release|x64.ActiveCfg = Release|x64
		{19976D17-0B57-46DC-8987-86574BF234BA}.Release|x64.Build.0 = Release|x64
		{19976D17-0B57-46DC-8987-86574BF234BA}.Release|x86.ActiveCfg = Release|Win32
		{19976D17-0B57-46DC-8987-86574BF234BA}.Release|x86.Build.0 = Release|Win32
	EndGlobalSection
	GlobalSection(SolutionProperties) = preSolution
		HideSolutionNode = FALSE
	EndGlobalSection
	GlobalSection(ExtensibilityGlobals) = postSolution
		SolutionGuid = {85E004EA-E68A-4BE5-A1C0-25B4C526FF67}
	EndGlobalSection
EndGlobal
